
Microsoft Visual Studio Solution File, Format Version 12.00
# Visual Studio Version 17
VisualStudioVersion = 17.3.32929.385
MinimumVisualStudioVersion = 10.0.40219.1
Project("{FAE04EC0-301F-11D3-BF4B-00C04F79EFBC}") = "ConsoleAppAssignment.cs", "ConsoleAppAssignment.cs\ConsoleAppAssignment.cs.csproj", "{CCCFB0C8-485C-4B21-87B4-E3CDAD3EE203}"
EndProject
Global
	GlobalSection(SolutionConfigurationPlatforms) = preSolution
		Debug|Any CPU = Debug|Any CPU
		Release|Any CPU = Release|Any CPU
	EndGlobalSection
	GlobalSection(ProjectConfigurationPlatforms) = postSolution
		{CCCFB0C8-485C-4B21-87B4-E3CDAD3EE203}.Debug|Any CPU.ActiveCfg = Debug|Any CPU
		{CCCFB0C8-485C-4B21-87B4-E3CDAD3EE203}.Debug|Any CPU.Build.0 = Debug|Any CPU
		{CCCFB0C8-485C-4B21-87B4-E3CDAD3EE203}.Release|Any CPU.ActiveCfg = Release|Any CPU
		{CCCFB0C8-485C-4B21-87B4-E3CDAD3EE203}.Release|Any CPU.Build.0 = Release|Any CPU
	EndGlobalSection
	GlobalSection(SolutionProperties) = preSolution
		HideSolutionNode = FALSE
	EndGlobalSection
	GlobalSection(ExtensibilityGlobals) = postSolution
		SolutionGuid = {DEE3B40D-4B65-4E6C-8B36-FF3DA36818B0}
	EndGlobalSection
EndGlobal
